// !$*UTF8*$!
{
	archiveVersion = 1;
	classes = {
	};
	objectVersion = 51;
	objects = {

/* Begin PBXBuildFile section */
		6637CA751E38F2E300E0D770 /* MKBlockQueue.swift in Sources */ = {isa = PBXBuildFile; fileRef = 6637CA741E38F2E300E0D770 /* MKBlockQueue.swift */; };
		66BDB7A51D2A9E5000585D79 /* AppDelegate.swift in Sources */ = {isa = PBXBuildFile; fileRef = 66BDB79E1D2A9E5000585D79 /* AppDelegate.swift */; };
		66BDB7A61D2A9E5000585D79 /* Assets.xcassets in Resources */ = {isa = PBXBuildFile; fileRef = 66BDB79F1D2A9E5000585D79 /* Assets.xcassets */; };
		66BDB7A71D2A9E5000585D79 /* Main.storyboard in Resources */ = {isa = PBXBuildFile; fileRef = 66BDB7A11D2A9E5000585D79 /* Main.storyboard */; };
		66BDB7A91D2A9E5000585D79 /* ViewController.swift in Sources */ = {isa = PBXBuildFile; fileRef = 66BDB7A41D2A9E5000585D79 /* ViewController.swift */; };
/* End PBXBuildFile section */

/* Begin PBXFileReference section */
		4DB582601D6CF694003B93BE /* MK_1_App_Development_RELEASE.xcconfig */ = {isa = PBXFileReference; fileEncoding = 4; lastKnownFileType = text.xcconfig; path = MK_1_App_Development_RELEASE.xcconfig; sourceTree = "<group>"; };
		4DB582611D6CF694003B93BE /* MK_1_App_Development_DEBUG.xcconfig */ = {isa = PBXFileReference; fileEncoding = 4; lastKnownFileType = text.xcconfig; path = MK_1_App_Development_DEBUG.xcconfig; sourceTree = "<group>"; };
		6637CA741E38F2E300E0D770 /* MKBlockQueue.swift */ = {isa = PBXFileReference; fileEncoding = 4; lastKnownFileType = sourcecode.swift; path = MKBlockQueue.swift; sourceTree = "<group>"; };
		666275A91C57A56F00459D7B /* MKBlockQueue-Example-Project.app */ = {isa = PBXFileReference; explicitFileType = wrapper.application; includeInIndex = 0; path = "MKBlockQueue-Example-Project.app"; sourceTree = BUILT_PRODUCTS_DIR; };
		66BDB79E1D2A9E5000585D79 /* AppDelegate.swift */ = {isa = PBXFileReference; fileEncoding = 4; lastKnownFileType = sourcecode.swift; path = AppDelegate.swift; sourceTree = "<group>"; };
		66BDB79F1D2A9E5000585D79 /* Assets.xcassets */ = {isa = PBXFileReference; lastKnownFileType = folder.assetcatalog; path = Assets.xcassets; sourceTree = "<group>"; };
		66BDB7A21D2A9E5000585D79 /* Base */ = {isa = PBXFileReference; lastKnownFileType = file.storyboard; name = Base; path = Main.storyboard; sourceTree = "<group>"; };
		66BDB7A31D2A9E5000585D79 /* Info.plist */ = {isa = PBXFileReference; fileEncoding = 4; lastKnownFileType = text.plist.xml; path = Info.plist; sourceTree = "<group>"; };
		66BDB7A41D2A9E5000585D79 /* ViewController.swift */ = {isa = PBXFileReference; fileEncoding = 4; lastKnownFileType = sourcecode.swift; path = ViewController.swift; sourceTree = "<group>"; };
/* End PBXFileReference section */

/* Begin PBXFrameworksBuildPhase section */
		666275A61C57A56F00459D7B /* Frameworks */ = {
			isa = PBXFrameworksBuildPhase;
			buildActionMask = 2147483647;
			files = (
			);
			runOnlyForDeploymentPostprocessing = 0;
		};
/* End PBXFrameworksBuildPhase section */

/* Begin PBXGroup section */
		6637CA731E38F2E300E0D770 /* Sources */ = {
			isa = PBXGroup;
			children = (
				6637CA741E38F2E300E0D770 /* MKBlockQueue.swift */,
			);
			name = Sources;
			path = ../Sources;
			sourceTree = "<group>";
		};
		666275A01C57A56F00459D7B = {
			isa = PBXGroup;
			children = (
				4DB582611D6CF694003B93BE /* MK_1_App_Development_DEBUG.xcconfig */,
				4DB582601D6CF694003B93BE /* MK_1_App_Development_RELEASE.xcconfig */,
				66BDB7A31D2A9E5000585D79 /* Info.plist */,
				66BDB79F1D2A9E5000585D79 /* Assets.xcassets */,
				66BDB7A01D2A9E5000585D79 /* Base.lproj */,
				66BDB79E1D2A9E5000585D79 /* AppDelegate.swift */,
				66BDB7A41D2A9E5000585D79 /* ViewController.swift */,
				6637CA731E38F2E300E0D770 /* Sources */,
				666275AA1C57A56F00459D7B /* Products */,
			);
			sourceTree = "<group>";
		};
		666275AA1C57A56F00459D7B /* Products */ = {
			isa = PBXGroup;
			children = (
				666275A91C57A56F00459D7B /* MKBlockQueue-Example-Project.app */,
			);
			name = Products;
			sourceTree = "<group>";
		};
		66BDB7A01D2A9E5000585D79 /* Base.lproj */ = {
			isa = PBXGroup;
			children = (
				66BDB7A11D2A9E5000585D79 /* Main.storyboard */,
			);
			path = Base.lproj;
			sourceTree = "<group>";
		};
/* End PBXGroup section */

/* Begin PBXNativeTarget section */
		666275A81C57A56F00459D7B /* MKBlockQueue-Example-Project */ = {
			isa = PBXNativeTarget;
			buildConfigurationList = 666275B81C57A56F00459D7B /* Build configuration list for PBXNativeTarget "MKBlockQueue-Example-Project" */;
			buildPhases = (
				666275A51C57A56F00459D7B /* Sources */,
				666275A61C57A56F00459D7B /* Frameworks */,
				666275A71C57A56F00459D7B /* Resources */,
			);
			buildRules = (
			);
			dependencies = (
			);
			name = "MKBlockQueue-Example-Project";
			productName = NSOperationTest;
			productReference = 666275A91C57A56F00459D7B /* MKBlockQueue-Example-Project.app */;
			productType = "com.apple.product-type.application";
		};
/* End PBXNativeTarget section */

/* Begin PBXProject section */
		666275A11C57A56F00459D7B /* Project object */ = {
			isa = PBXProject;
			attributes = {
				LastSwiftUpdateCheck = 0720;
				LastUpgradeCheck = 0820;
				ORGANIZATIONNAME = "Mohsan Khan";
				TargetAttributes = {
					666275A81C57A56F00459D7B = {
						CreatedOnToolsVersion = 7.2;
						LastSwiftMigration = 1000;
					};
				};
			};
			buildConfigurationList = 666275A41C57A56F00459D7B /* Build configuration list for PBXProject "MKBlockQueue-Example-Project" */;
			compatibilityVersion = "Xcode 10.0";
			developmentRegion = English;
			hasScannedForEncodings = 0;
			knownRegions = (
				en,
				Base,
			);
			mainGroup = 666275A01C57A56F00459D7B;
			productRefGroup = 666275AA1C57A56F00459D7B /* Products */;
			projectDirPath = "";
			projectRoot = "";
			targets = (
				666275A81C57A56F00459D7B /* MKBlockQueue-Example-Project */,
			);
		};
/* End PBXProject section */

/* Begin PBXResourcesBuildPhase section */
		666275A71C57A56F00459D7B /* Resources */ = {
			isa = PBXResourcesBuildPhase;
			buildActionMask = 2147483647;
			files = (
				66BDB7A61D2A9E5000585D79 /* Assets.xcassets in Resources */,
				66BDB7A71D2A9E5000585D79 /* Main.storyboard in Resources */,
			);
			runOnlyForDeploymentPostprocessing = 0;
		};
/* End PBXResourcesBuildPhase section */

/* Begin PBXSourcesBuildPhase section */
		666275A51C57A56F00459D7B /* Sources */ = {
			isa = PBXSourcesBuildPhase;
			buildActionMask = 2147483647;
			files = (
				6637CA751E38F2E300E0D770 /* MKBlockQueue.swift in Sources */,
				66BDB7A91D2A9E5000585D79 /* ViewController.swift in Sources */,
				66BDB7A51D2A9E5000585D79 /* AppDelegate.swift in Sources */,
			);
			runOnlyForDeploymentPostprocessing = 0;
		};
/* End PBXSourcesBuildPhase section */

/* Begin PBXVariantGroup section */
		66BDB7A11D2A9E5000585D79 /* Main.storyboard */ = {
			isa = PBXVariantGroup;
			children = (
				66BDB7A21D2A9E5000585D79 /* Base */,
			);
			name = Main.storyboard;
			sourceTree = "<group>";
		};
/* End PBXVariantGroup section */

/* Begin XCBuildConfiguration section */
		666275B61C57A56F00459D7B /* Debug */ = {
			isa = XCBuildConfiguration;
			baseConfigurationReference = 4DB582611D6CF694003B93BE /* MK_1_App_Development_DEBUG.xcconfig */;
			buildSettings = {
				MACOSX_DEPLOYMENT_TARGET = 10.13;
				SDKROOT = macosx;
			};
			name = Debug;
		};
		666275B71C57A56F00459D7B /* Release */ = {
			isa = XCBuildConfiguration;
			baseConfigurationReference = 4DB582601D6CF694003B93BE /* MK_1_App_Development_RELEASE.xcconfig */;
			buildSettings = {
				MACOSX_DEPLOYMENT_TARGET = 10.13;
				SDKROOT = macosx;
			};
			name = Release;
		};
		666275B91C57A56F00459D7B /* Debug */ = {
			isa = XCBuildConfiguration;
			baseConfigurationReference = 4DB582611D6CF694003B93BE /* MK_1_App_Development_DEBUG.xcconfig */;
			buildSettings = {
				ASSETCATALOG_COMPILER_APPICON_NAME = AppIcon;
				ENABLE_BITCODE = NO;
				INFOPLIST_FILE = Info.plist;
				LD_RUNPATH_SEARCH_PATHS = (
					"$(inherited)",
					"@executable_path/../Frameworks",
				);
				PRODUCT_BUNDLE_IDENTIFIER = "com.mohsankhan.MKBlockQueue-Example-Project";
				PRODUCT_NAME = "MKBlockQueue-Example-Project";
			};
			name = Debug;
		};
		666275BA1C57A56F00459D7B /* Release */ = {
			isa = XCBuildConfiguration;
			baseConfigurationReference = 4DB582601D6CF694003B93BE /* MK_1_App_Development_RELEASE.xcconfig */;
			buildSettings = {
				ASSETCATALOG_COMPILER_APPICON_NAME = AppIcon;
				ENABLE_BITCODE = NO;
				INFOPLIST_FILE = Info.plist;
				LD_RUNPATH_SEARCH_PATHS = (
					"$(inherited)",
					"@executable_path/../Frameworks",
				);
				PRODUCT_BUNDLE_IDENTIFIER = "com.mohsankhan.MKBlockQueue-Example-Project";
				PRODUCT_NAME = "MKBlockQueue-Example-Project";
			};
			name = Release;
		};
/* End XCBuildConfiguration section */

/* Begin XCConfigurationList section */
		666275A41C57A56F00459D7B /* Build configuration list for PBXProject "MKBlockQueue-Example-Project" */ = {
			isa = XCConfigurationList;
			buildConfigurations = (
				666275B61C57A56F00459D7B /* Debug */,
				666275B71C57A56F00459D7B /* Release */,
			);
			defaultConfigurationIsVisible = 0;
			defaultConfigurationName = Release;
		};
		666275B81C57A56F00459D7B /* Build configuration list for PBXNativeTarget "MKBlockQueue-Example-Project" */ = {
			isa = XCConfigurationList;
			buildConfigurations = (
				666275B91C57A56F00459D7B /* Debug */,
				666275BA1C57A56F00459D7B /* Release */,
			);
			defaultConfigurationIsVisible = 0;
			defaultConfigurationName = Release;
		};
/* End XCConfigurationList section */
	};
	rootObject = 666275A11C57A56F00459D7B /* Project object */;
}
